
Microsoft Visual Studio Solution File, Format Version 12.00
# Visual Studio Version 17
VisualStudioVersion = 17.11.35312.102
MinimumVisualStudioVersion = 10.0.40219.1
Project("{FAE04EC0-301F-11D3-BF4B-00C04F79EFBC}") = "TheFountainOfObjects", "TheFountainOfObjects\TheFountainOfObjects.csproj", "{3525D79B-3C5D-4281-9E18-D7763005D856}"
EndProject
Global
	GlobalSection(SolutionConfigurationPlatforms) = preSolution
		Debug|Any CPU = Debug|Any CPU
		Release|Any CPU = Release|Any CPU
	EndGlobalSection
	GlobalSection(ProjectConfigurationPlatforms) = postSolution
		{3525D79B-3C5D-4281-9E18-D7763005D856}.Debug|Any CPU.ActiveCfg = Debug|Any CPU
		{3525D79B-3C5D-4281-9E18-D7763005D856}.Debug|Any CPU.Build.0 = Debug|Any CPU
		{3525D79B-3C5D-4281-9E18-D7763005D856}.Release|Any CPU.ActiveCfg = Release|Any CPU
		{3525D79B-3C5D-4281-9E18-D7763005D856}.Release|Any CPU.Build.0 = Release|Any CPU
	EndGlobalSection
	GlobalSection(SolutionProperties) = preSolution
		HideSolutionNode = FALSE
	EndGlobalSection
	GlobalSection(ExtensibilityGlobals) = postSolution
		SolutionGuid = {0464A7D1-2184-48AF-8016-28F5842631C1}
	EndGlobalSection
EndGlobal
