
Microsoft Visual Studio Solution File, Format Version 12.00
# Visual Studio Version 17
VisualStudioVersion = 17.8.34330.188
MinimumVisualStudioVersion = 10.0.40219.1
Project("{9A19103F-16F7-4668-BE54-9A1E7A4F7556}") = "Hunted", "Hunted\Hunted.csproj", "{904BDE91-75E6-44A1-A496-D11491752DF1}"
EndProject
Project("{9A19103F-16F7-4668-BE54-9A1E7A4F7556}") = "Program-Making", "Program-Making\Program-Making.csproj", "{8F27AE09-A240-47EE-B04B-8F7AC2686C78}"
EndProject
Project("{9A19103F-16F7-4668-BE54-9A1E7A4F7556}") = "BlastDamage", "BlastDamage\BlastDamage.csproj", "{9174119A-EA0A-48F4-A79B-965FA5790BA9}"
EndProject
Project("{9A19103F-16F7-4668-BE54-9A1E7A4F7556}") = "PremixedPotions", "PremixPotion\PremixedPotions.csproj", "{325A81AF-71E1-43EB-9A14-06865B0A618D}"
EndProject
Project("{9A19103F-16F7-4668-BE54-9A1E7A4F7556}") = "DefenceOfConsolas", "DefenceOfConsolas\DefenceOfConsolas.csproj", "{D21BA0D3-3114-4779-AFB7-7F755C3FAF8C}"
EndProject
Project("{9A19103F-16F7-4668-BE54-9A1E7A4F7556}") = "BuyingInventory", "BuyingInventory\BuyingInventory.csproj", "{60FA2D70-E250-45C4-B79C-C2AE694CD0F7}"
EndProject
Project("{9A19103F-16F7-4668-BE54-9A1E7A4F7556}") = "MagicCannon", "MagicCannon\MagicCannon.csproj", "{CDF65EF6-6BA6-4AD6-850D-389748883953}"
EndProject
Project("{9A19103F-16F7-4668-BE54-9A1E7A4F7556}") = "BasicsOfRecursion", "BasicsOfRecursion\BasicsOfRecursion.csproj", "{F3408E56-8AF3-42AD-9384-A4D16AB1FE09}"
EndProject
Project("{9A19103F-16F7-4668-BE54-9A1E7A4F7556}") = "HuntTheManticore", "HuntTheManticore\HuntTheManticore.csproj", "{5D0E5173-37BB-4B0B-97AA-9D65FE063BA5}"
EndProject
Project("{9A19103F-16F7-4668-BE54-9A1E7A4F7556}") = "SimulasChest", "SimulasTest\SimulasChest.csproj", "{94115A4A-744A-48D3-B7D4-B7F7A91C2F44}"
EndProject
Project("{9A19103F-16F7-4668-BE54-9A1E7A4F7556}") = "SimulasSoup", "SimulasSoup\SimulasSoup.csproj", "{6FEAB7FA-66B3-41CE-891F-FFCF90519DBE}"
EndProject
Project("{9A19103F-16F7-4668-BE54-9A1E7A4F7556}") = "VinFletchersArrows", "VinFletchersArrows\VinFletchersArrows.csproj", "{54AC88BF-4CAF-40FF-B015-6D672DA36534}"
EndProject
Project("{9A19103F-16F7-4668-BE54-9A1E7A4F7556}") = "ThePoint", "ThePoint\ThePoint.csproj", "{79235559-74B2-49EC-9694-0A7B77C72E8D}"
EndProject
Project("{9A19103F-16F7-4668-BE54-9A1E7A4F7556}") = "TheColour", "TheColour\TheColour.csproj", "{FB0CD3EF-5B84-4372-B0DE-BFC4C70E684F}"
EndProject
Project("{9A19103F-16F7-4668-BE54-9A1E7A4F7556}") = "TheCard", "TheCard\TheCard.csproj", "{2BC04D55-923C-4846-B756-31516FA20DD2}"
EndProject
Project("{9A19103F-16F7-4668-BE54-9A1E7A4F7556}") = "ThePasswordValidator", "ThePasswordValidator\ThePasswordValidator.csproj", "{DEEB97B2-5052-4059-B63B-2099086ED3A5}"
EndProject
Project("{9A19103F-16F7-4668-BE54-9A1E7A4F7556}") = "PackingInventory", "PackingInventory\PackingInventory.csproj", "{FBC4398A-3EAA-41F1-B0AC-6D6AB9B34F26}"
EndProject
Project("{9A19103F-16F7-4668-BE54-9A1E7A4F7556}") = "TheOldRobot", "TheOldRobot\TheOldRobot.csproj", "{6DE4EC9B-B7C2-445F-ACA5-B2806A927926}"
EndProject
Project("{9A19103F-16F7-4668-BE54-9A1E7A4F7556}") = "RoomCoordinates", "RoomCoordinates\RoomCoordinates.csproj", "{82AD21D2-66C9-49E2-B5EE-CE85563AE63F}"
EndProject
Project("{9A19103F-16F7-4668-BE54-9A1E7A4F7556}") = "WarPreparations", "WarPreparations\WarPreparations.csproj", "{0FB62E00-8A00-4CC3-B502-FDD5BA60E5C1}"
EndProject
Project("{9A19103F-16F7-4668-BE54-9A1E7A4F7556}") = "ColouredItem", "ColouredItem\ColouredItem.csproj", "{08B4D563-D5B4-4FFA-B29B-98CDDCF0A590}"
EndProject
Project("{9A19103F-16F7-4668-BE54-9A1E7A4F7556}") = "TheFeud", "TheFeud\TheFeud.csproj", "{BDDCEBD7-B185-4F5F-89E3-BCA01A6F909C}"
EndProject
Project("{9A19103F-16F7-4668-BE54-9A1E7A4F7556}") = "TheLockedDoor", "TheLockedDoor\TheLockedDoor.csproj", "{75CD36DD-0A97-4F1D-8087-3A51C208FFB4}"
EndProject
Project("{9A19103F-16F7-4668-BE54-9A1E7A4F7556}") = "FountainOfObjects", "FountainOfObjects\FountainOfObjects.csproj", "{096E5608-FA9D-4DDF-BF2B-9D6521ACB5C2}"
EndProject
Global
	GlobalSection(SolutionConfigurationPlatforms) = preSolution
		Debug|Any CPU = Debug|Any CPU
		Release|Any CPU = Release|Any CPU
	EndGlobalSection
	GlobalSection(ProjectConfigurationPlatforms) = postSolution
		{904BDE91-75E6-44A1-A496-D11491752DF1}.Debug|Any CPU.ActiveCfg = Debug|Any CPU
		{904BDE91-75E6-44A1-A496-D11491752DF1}.Debug|Any CPU.Build.0 = Debug|Any CPU
		{904BDE91-75E6-44A1-A496-D11491752DF1}.Release|Any CPU.ActiveCfg = Release|Any CPU
		{904BDE91-75E6-44A1-A496-D11491752DF1}.Release|Any CPU.Build.0 = Release|Any CPU
		{8F27AE09-A240-47EE-B04B-8F7AC2686C78}.Debug|Any CPU.ActiveCfg = Debug|Any CPU
		{8F27AE09-A240-47EE-B04B-8F7AC2686C78}.Debug|Any CPU.Build.0 = Debug|Any CPU
		{8F27AE09-A240-47EE-B04B-8F7AC2686C78}.Release|Any CPU.ActiveCfg = Release|Any CPU
		{8F27AE09-A240-47EE-B04B-8F7AC2686C78}.Release|Any CPU.Build.0 = Release|Any CPU
		{9174119A-EA0A-48F4-A79B-965FA5790BA9}.Debug|Any CPU.ActiveCfg = Debug|Any CPU
		{9174119A-EA0A-48F4-A79B-965FA5790BA9}.Debug|Any CPU.Build.0 = Debug|Any CPU
		{9174119A-EA0A-48F4-A79B-965FA5790BA9}.Release|Any CPU.ActiveCfg = Release|Any CPU
		{9174119A-EA0A-48F4-A79B-965FA5790BA9}.Release|Any CPU.Build.0 = Release|Any CPU
		{325A81AF-71E1-43EB-9A14-06865B0A618D}.Debug|Any CPU.ActiveCfg = Debug|Any CPU
		{325A81AF-71E1-43EB-9A14-06865B0A618D}.Debug|Any CPU.Build.0 = Debug|Any CPU
		{325A81AF-71E1-43EB-9A14-06865B0A618D}.Release|Any CPU.ActiveCfg = Release|Any CPU
		{325A81AF-71E1-43EB-9A14-06865B0A618D}.Release|Any CPU.Build.0 = Release|Any CPU
		{D21BA0D3-3114-4779-AFB7-7F755C3FAF8C}.Debug|Any CPU.ActiveCfg = Debug|Any CPU
		{D21BA0D3-3114-4779-AFB7-7F755C3FAF8C}.Debug|Any CPU.Build.0 = Debug|Any CPU
		{D21BA0D3-3114-4779-AFB7-7F755C3FAF8C}.Release|Any CPU.ActiveCfg = Release|Any CPU
		{D21BA0D3-3114-4779-AFB7-7F755C3FAF8C}.Release|Any CPU.Build.0 = Release|Any CPU
		{60FA2D70-E250-45C4-B79C-C2AE694CD0F7}.Debug|Any CPU.ActiveCfg = Debug|Any CPU
		{60FA2D70-E250-45C4-B79C-C2AE694CD0F7}.Debug|Any CPU.Build.0 = Debug|Any CPU
		{60FA2D70-E250-45C4-B79C-C2AE694CD0F7}.Release|Any CPU.ActiveCfg = Release|Any CPU
		{60FA2D70-E250-45C4-B79C-C2AE694CD0F7}.Release|Any CPU.Build.0 = Release|Any CPU
		{CDF65EF6-6BA6-4AD6-850D-389748883953}.Debug|Any CPU.ActiveCfg = Debug|Any CPU
		{CDF65EF6-6BA6-4AD6-850D-389748883953}.Debug|Any CPU.Build.0 = Debug|Any CPU
		{CDF65EF6-6BA6-4AD6-850D-389748883953}.Release|Any CPU.ActiveCfg = Release|Any CPU
		{CDF65EF6-6BA6-4AD6-850D-389748883953}.Release|Any CPU.Build.0 = Release|Any CPU
		{F3408E56-8AF3-42AD-9384-A4D16AB1FE09}.Debug|Any CPU.ActiveCfg = Debug|Any CPU
		{F3408E56-8AF3-42AD-9384-A4D16AB1FE09}.Debug|Any CPU.Build.0 = Debug|Any CPU
		{F3408E56-8AF3-42AD-9384-A4D16AB1FE09}.Release|Any CPU.ActiveCfg = Release|Any CPU
		{F3408E56-8AF3-42AD-9384-A4D16AB1FE09}.Release|Any CPU.Build.0 = Release|Any CPU
		{5D0E5173-37BB-4B0B-97AA-9D65FE063BA5}.Debug|Any CPU.ActiveCfg = Debug|Any CPU
		{5D0E5173-37BB-4B0B-97AA-9D65FE063BA5}.Debug|Any CPU.Build.0 = Debug|Any CPU
		{5D0E5173-37BB-4B0B-97AA-9D65FE063BA5}.Release|Any CPU.ActiveCfg = Release|Any CPU
		{5D0E5173-37BB-4B0B-97AA-9D65FE063BA5}.Release|Any CPU.Build.0 = Release|Any CPU
		{94115A4A-744A-48D3-B7D4-B7F7A91C2F44}.Debug|Any CPU.ActiveCfg = Debug|Any CPU
		{94115A4A-744A-48D3-B7D4-B7F7A91C2F44}.Debug|Any CPU.Build.0 = Debug|Any CPU
		{94115A4A-744A-48D3-B7D4-B7F7A91C2F44}.Release|Any CPU.ActiveCfg = Release|Any CPU
		{94115A4A-744A-48D3-B7D4-B7F7A91C2F44}.Release|Any CPU.Build.0 = Release|Any CPU
		{6FEAB7FA-66B3-41CE-891F-FFCF90519DBE}.Debug|Any CPU.ActiveCfg = Debug|Any CPU
		{6FEAB7FA-66B3-41CE-891F-FFCF90519DBE}.Debug|Any CPU.Build.0 = Debug|Any CPU
		{6FEAB7FA-66B3-41CE-891F-FFCF90519DBE}.Release|Any CPU.ActiveCfg = Release|Any CPU
		{6FEAB7FA-66B3-41CE-891F-FFCF90519DBE}.Release|Any CPU.Build.0 = Release|Any CPU
		{54AC88BF-4CAF-40FF-B015-6D672DA36534}.Debug|Any CPU.ActiveCfg = Debug|Any CPU
		{54AC88BF-4CAF-40FF-B015-6D672DA36534}.Debug|Any CPU.Build.0 = Debug|Any CPU
		{54AC88BF-4CAF-40FF-B015-6D672DA36534}.Release|Any CPU.ActiveCfg = Release|Any CPU
		{54AC88BF-4CAF-40FF-B015-6D672DA36534}.Release|Any CPU.Build.0 = Release|Any CPU
		{79235559-74B2-49EC-9694-0A7B77C72E8D}.Debug|Any CPU.ActiveCfg = Debug|Any CPU
		{79235559-74B2-49EC-9694-0A7B77C72E8D}.Debug|Any CPU.Build.0 = Debug|Any CPU
		{79235559-74B2-49EC-9694-0A7B77C72E8D}.Release|Any CPU.ActiveCfg = Release|Any CPU
		{79235559-74B2-49EC-9694-0A7B77C72E8D}.Release|Any CPU.Build.0 = Release|Any CPU
		{FB0CD3EF-5B84-4372-B0DE-BFC4C70E684F}.Debug|Any CPU.ActiveCfg = Debug|Any CPU
		{FB0CD3EF-5B84-4372-B0DE-BFC4C70E684F}.Debug|Any CPU.Build.0 = Debug|Any CPU
		{FB0CD3EF-5B84-4372-B0DE-BFC4C70E684F}.Release|Any CPU.ActiveCfg = Release|Any CPU
		{FB0CD3EF-5B84-4372-B0DE-BFC4C70E684F}.Release|Any CPU.Build.0 = Release|Any CPU
		{2BC04D55-923C-4846-B756-31516FA20DD2}.Debug|Any CPU.ActiveCfg = Debug|Any CPU
		{2BC04D55-923C-4846-B756-31516FA20DD2}.Debug|Any CPU.Build.0 = Debug|Any CPU
		{2BC04D55-923C-4846-B756-31516FA20DD2}.Release|Any CPU.ActiveCfg = Release|Any CPU
		{2BC04D55-923C-4846-B756-31516FA20DD2}.Release|Any CPU.Build.0 = Release|Any CPU
		{DEEB97B2-5052-4059-B63B-2099086ED3A5}.Debug|Any CPU.ActiveCfg = Debug|Any CPU
		{DEEB97B2-5052-4059-B63B-2099086ED3A5}.Debug|Any CPU.Build.0 = Debug|Any CPU
		{DEEB97B2-5052-4059-B63B-2099086ED3A5}.Release|Any CPU.ActiveCfg = Release|Any CPU
		{DEEB97B2-5052-4059-B63B-2099086ED3A5}.Release|Any CPU.Build.0 = Release|Any CPU
		{FBC4398A-3EAA-41F1-B0AC-6D6AB9B34F26}.Debug|Any CPU.ActiveCfg = Debug|Any CPU
		{FBC4398A-3EAA-41F1-B0AC-6D6AB9B34F26}.Debug|Any CPU.Build.0 = Debug|Any CPU
		{FBC4398A-3EAA-41F1-B0AC-6D6AB9B34F26}.Release|Any CPU.ActiveCfg = Release|Any CPU
		{FBC4398A-3EAA-41F1-B0AC-6D6AB9B34F26}.Release|Any CPU.Build.0 = Release|Any CPU
		{6DE4EC9B-B7C2-445F-ACA5-B2806A927926}.Debug|Any CPU.ActiveCfg = Debug|Any CPU
		{6DE4EC9B-B7C2-445F-ACA5-B2806A927926}.Debug|Any CPU.Build.0 = Debug|Any CPU
		{6DE4EC9B-B7C2-445F-ACA5-B2806A927926}.Release|Any CPU.ActiveCfg = Release|Any CPU
		{6DE4EC9B-B7C2-445F-ACA5-B2806A927926}.Release|Any CPU.Build.0 = Release|Any CPU
		{82AD21D2-66C9-49E2-B5EE-CE85563AE63F}.Debug|Any CPU.ActiveCfg = Debug|Any CPU
		{82AD21D2-66C9-49E2-B5EE-CE85563AE63F}.Debug|Any CPU.Build.0 = Debug|Any CPU
		{82AD21D2-66C9-49E2-B5EE-CE85563AE63F}.Release|Any CPU.ActiveCfg = Release|Any CPU
		{82AD21D2-66C9-49E2-B5EE-CE85563AE63F}.Release|Any CPU.Build.0 = Release|Any CPU
		{0FB62E00-8A00-4CC3-B502-FDD5BA60E5C1}.Debug|Any CPU.ActiveCfg = Debug|Any CPU
		{0FB62E00-8A00-4CC3-B502-FDD5BA60E5C1}.Debug|Any CPU.Build.0 = Debug|Any CPU
		{0FB62E00-8A00-4CC3-B502-FDD5BA60E5C1}.Release|Any CPU.ActiveCfg = Release|Any CPU
		{0FB62E00-8A00-4CC3-B502-FDD5BA60E5C1}.Release|Any CPU.Build.0 = Release|Any CPU
		{08B4D563-D5B4-4FFA-B29B-98CDDCF0A590}.Debug|Any CPU.ActiveCfg = Debug|Any CPU
		{08B4D563-D5B4-4FFA-B29B-98CDDCF0A590}.Debug|Any CPU.Build.0 = Debug|Any CPU
		{08B4D563-D5B4-4FFA-B29B-98CDDCF0A590}.Release|Any CPU.ActiveCfg = Release|Any CPU
		{08B4D563-D5B4-4FFA-B29B-98CDDCF0A590}.Release|Any CPU.Build.0 = Release|Any CPU
		{BDDCEBD7-B185-4F5F-89E3-BCA01A6F909C}.Debug|Any CPU.ActiveCfg = Debug|Any CPU
		{BDDCEBD7-B185-4F5F-89E3-BCA01A6F909C}.Debug|Any CPU.Build.0 = Debug|Any CPU
		{BDDCEBD7-B185-4F5F-89E3-BCA01A6F909C}.Release|Any CPU.ActiveCfg = Release|Any CPU
		{BDDCEBD7-B185-4F5F-89E3-BCA01A6F909C}.Release|Any CPU.Build.0 = Release|Any CPU
		{75CD36DD-0A97-4F1D-8087-3A51C208FFB4}.Debug|Any CPU.ActiveCfg = Debug|Any CPU
		{75CD36DD-0A97-4F1D-8087-3A51C208FFB4}.Debug|Any CPU.Build.0 = Debug|Any CPU
		{75CD36DD-0A97-4F1D-8087-3A51C208FFB4}.Release|Any CPU.ActiveCfg = Release|Any CPU
		{75CD36DD-0A97-4F1D-8087-3A51C208FFB4}.Release|Any CPU.Build.0 = Release|Any CPU
		{096E5608-FA9D-4DDF-BF2B-9D6521ACB5C2}.Debug|Any CPU.ActiveCfg = Debug|Any CPU
		{096E5608-FA9D-4DDF-BF2B-9D6521ACB5C2}.Debug|Any CPU.Build.0 = Debug|Any CPU
		{096E5608-FA9D-4DDF-BF2B-9D6521ACB5C2}.Release|Any CPU.ActiveCfg = Release|Any CPU
		{096E5608-FA9D-4DDF-BF2B-9D6521ACB5C2}.Release|Any CPU.Build.0 = Release|Any CPU
	EndGlobalSection
	GlobalSection(SolutionProperties) = preSolution
		HideSolutionNode = FALSE
	EndGlobalSection
	GlobalSection(ExtensibilityGlobals) = postSolution
		SolutionGuid = {EFD658F6-CA36-4C57-B6C5-AF23036FCEE9}
	EndGlobalSection
EndGlobal
